
Microsoft Visual Studio Solution File, Format Version 12.00
# Visual Studio Version 17
VisualStudioVersion = 17.0.32014.148
MinimumVisualStudioVersion = 10.0.40219.1
Project("{9A19103F-16F7-4668-BE54-9A1E7A4F7556}") = "LINQTut06.Shared", "LINQTut06.Shared\LINQTut06.Shared.csproj", "{C4CB4749-B8AD-4E53-AAB0-3C89A2D9B8AB}"
EndProject
Project("{9A19103F-16F7-4668-BE54-9A1E7A4F7556}") = "LINQTut06.Chunck", "LINQTut06.Chunck\LINQTut06.Chunck.csproj", "{22F403CA-F00F-4413-B546-99C452322E75}"
EndProject
Project("{9A19103F-16F7-4668-BE54-9A1E7A4F7556}") = "LINQTut06.Take", "LINQTut06.Take\LINQTut06.Take.csproj", "{08BC34A6-73C0-452F-9429-079F8A55BE48}"
EndProject
Project("{9A19103F-16F7-4668-BE54-9A1E7A4F7556}") = "LINQTut06.Skip", "LINQTut06.Skip\LINQTut06.Skip.csproj", "{EEF9DBA7-7816-4B70-9069-55D70F8FFCBD}"
EndProject
Project("{FAE04EC0-301F-11D3-BF4B-00C04F79EFBC}") = "LINQTut06.Pagination", "LINQTut06.Pagination\LINQTut06.Pagination.csproj", "{A962522B-1B14-42C7-BF25-681387FB9154}"
EndProject
Global
	GlobalSection(SolutionConfigurationPlatforms) = preSolution
		Debug|Any CPU = Debug|Any CPU
		Release|Any CPU = Release|Any CPU
	EndGlobalSection
	GlobalSection(ProjectConfigurationPlatforms) = postSolution
		{C4CB4749-B8AD-4E53-AAB0-3C89A2D9B8AB}.Debug|Any CPU.ActiveCfg = Debug|Any CPU
		{C4CB4749-B8AD-4E53-AAB0-3C89A2D9B8AB}.Debug|Any CPU.Build.0 = Debug|Any CPU
		{C4CB4749-B8AD-4E53-AAB0-3C89A2D9B8AB}.Release|Any CPU.ActiveCfg = Release|Any CPU
		{C4CB4749-B8AD-4E53-AAB0-3C89A2D9B8AB}.Release|Any CPU.Build.0 = Release|Any CPU
		{22F403CA-F00F-4413-B546-99C452322E75}.Debug|Any CPU.ActiveCfg = Debug|Any CPU
		{22F403CA-F00F-4413-B546-99C452322E75}.Debug|Any CPU.Build.0 = Debug|Any CPU
		{22F403CA-F00F-4413-B546-99C452322E75}.Release|Any CPU.ActiveCfg = Release|Any CPU
		{22F403CA-F00F-4413-B546-99C452322E75}.Release|Any CPU.Build.0 = Release|Any CPU
		{08BC34A6-73C0-452F-9429-079F8A55BE48}.Debug|Any CPU.ActiveCfg = Debug|Any CPU
		{08BC34A6-73C0-452F-9429-079F8A55BE48}.Debug|Any CPU.Build.0 = Debug|Any CPU
		{08BC34A6-73C0-452F-9429-079F8A55BE48}.Release|Any CPU.ActiveCfg = Release|Any CPU
		{08BC34A6-73C0-452F-9429-079F8A55BE48}.Release|Any CPU.Build.0 = Release|Any CPU
		{EEF9DBA7-7816-4B70-9069-55D70F8FFCBD}.Debug|Any CPU.ActiveCfg = Debug|Any CPU
		{EEF9DBA7-7816-4B70-9069-55D70F8FFCBD}.Debug|Any CPU.Build.0 = Debug|Any CPU
		{EEF9DBA7-7816-4B70-9069-55D70F8FFCBD}.Release|Any CPU.ActiveCfg = Release|Any CPU
		{EEF9DBA7-7816-4B70-9069-55D70F8FFCBD}.Release|Any CPU.Build.0 = Release|Any CPU
		{A962522B-1B14-42C7-BF25-681387FB9154}.Debug|Any CPU.ActiveCfg = Debug|Any CPU
		{A962522B-1B14-42C7-BF25-681387FB9154}.Debug|Any CPU.Build.0 = Debug|Any CPU
		{A962522B-1B14-42C7-BF25-681387FB9154}.Release|Any CPU.ActiveCfg = Release|Any CPU
		{A962522B-1B14-42C7-BF25-681387FB9154}.Release|Any CPU.Build.0 = Release|Any CPU
	EndGlobalSection
	GlobalSection(SolutionProperties) = preSolution
		HideSolutionNode = FALSE
	EndGlobalSection
	GlobalSection(ExtensibilityGlobals) = postSolution
		SolutionGuid = {E30FE6AD-A68B-44F7-90D3-D5D29E5925FC}
	EndGlobalSection
EndGlobal
